{
  "name": "aion2-dps-server",
  "version": "1.0.0",
  "lockfileVersion": 3,
  "requires": true,
  "packages": {
    "": {
      "name": "aion2-dps-server",
      "version": "1.0.0",
      "dependencies": {
        "cap": "^0.2.1",
        "ws": "^8.18.0"
      },
      "engines": {
        "node": ">=18"
      }
    },
    "node_modules/cap": {
      "version": "0.2.1",
      "resolved": "https://registry.npmjs.org/cap/-/cap-0.2.1.tgz",
      "integrity": "sha512-0n10YndTkI4V+rsPVvYFdqlA0Bjf8NFlP/Wgp0W0ymudkijuqkmSVdIWigFe2YdPhjjxTJdW9Mu5ee4VwB0L+A==",
      "hasInstallScript": true,
      "dependencies": {
        "nan": "^2.14.0"
      },
      "engines": {
        "node": ">=4.0.0"
      }
    },
    "node_modules/nan": {
      "version": "2.26.2",
      "resolved": "https://registry.npmjs.org/nan/-/nan-2.26.2.tgz",
      "integrity": "sha512-0tTvBTYkt3tdGw22nrAy50x7gpbGCCFH3AFcyS5WiUu7Eu4vWlri1woE6qHBSfy11vksDqkiwjOnlR7WV8G1Hw==",
      "license": "MIT"
    },
    "node_modules/ws": {
      "version": "8.20.0",
      "resolved": "https://registry.npmjs.org/ws/-/ws-8.20.0.tgz",
      "integrity": "sha512-sAt8BhgNbzCtgGbt2OxmpuryO63ZoDk/sqaB/znQm94T4fCEsy/yV+7CdC1kJhOU9lboAEU7R3kquuycDoibVA==",
      "license": "MIT",
      "engines": {
        "node": ">=10.0.0"
      },
      "peerDependencies": {
        "bufferutil": "^4.0.1",
        "utf-8-validate": ">=5.0.2"
      },
      "peerDependenciesMeta": {
        "bufferutil": {
          "optional": true
        },
        "utf-8-validate": {
          "optional": true
        }
      }
    }
  }
}
